Microsoft Visual Studio Solution File, Format Version 12.00
# Visual Studio Version 16
VisualStudioVersion = 16.0.0.0
MinimumVisualStudioVersion = 16.0.0.0
Project("{9A19103F-16F7-4668-BE54-9A1E7A4F7556}") = "canvasync", "canvasync\canvasync.csproj", "{728C8C4A-497D-48B8-AE2A-597B881AF97B}"
EndProject
Project("{9A19103F-16F7-4668-BE54-9A1E7A4F7556}") = "canvasync.Client", "canvasync.Client\canvasync.Client.csproj", "{02D4B21A-E83A-450A-BECC-909E906107C4}"
EndProject
Global
	GlobalSection(SolutionConfigurationPlatforms) = preSolution
		Debug|Any CPU = Debug|Any CPU
		Debug|x64 = Debug|x64
		Debug|x86 = Debug|x86
		Release|Any CPU = Release|Any CPU
		Release|x64 = Release|x64
		Release|x86 = Release|x86
	EndGlobalSection
	GlobalSection(ProjectConfigurationPlatforms) = postSolution
		{02D4B21A-E83A-450A-BECC-909E906107C4}.Debug|Any CPU.ActiveCfg = Debug|Any CPU
		{02D4B21A-E83A-450A-BECC-909E906107C4}.Debug|Any CPU.Build.0 = Debug|Any CPU
		{02D4B21A-E83A-450A-BECC-909E906107C4}.Debug|x64.ActiveCfg = Debug|Any CPU
		{02D4B21A-E83A-450A-BECC-909E906107C4}.Debug|x64.Build.0 = Debug|Any CPU
		{02D4B21A-E83A-450A-BECC-909E906107C4}.Debug|x86.ActiveCfg = Debug|Any CPU
		{02D4B21A-E83A-450A-BECC-909E906107C4}.Debug|x86.Build.0 = Debug|Any CPU
		{02D4B21A-E83A-450A-BECC-909E906107C4}.Release|Any CPU.ActiveCfg = Release|Any CPU
		{02D4B21A-E83A-450A-BECC-909E906107C4}.Release|Any CPU.Build.0 = Release|Any CPU
		{02D4B21A-E83A-450A-BECC-909E906107C4}.Release|x64.ActiveCfg = Release|Any CPU
		{02D4B21A-E83A-450A-BECC-909E906107C4}.Release|x64.Build.0 = Release|Any CPU
		{02D4B21A-E83A-450A-BECC-909E906107C4}.Release|x86.ActiveCfg = Release|Any CPU
		{02D4B21A-E83A-450A-BECC-909E906107C4}.Release|x86.Build.0 = Release|Any CPU
		{728C8C4A-497D-48B8-AE2A-597B881AF97B}.Debug|Any CPU.ActiveCfg = Debug|Any CPU
		{728C8C4A-497D-48B8-AE2A-597B881AF97B}.Debug|Any CPU.Build.0 = Debug|Any CPU
		{728C8C4A-497D-48B8-AE2A-597B881AF97B}.Debug|x64.ActiveCfg = Debug|Any CPU
		{728C8C4A-497D-48B8-AE2A-597B881AF97B}.Debug|x64.Build.0 = Debug|Any CPU
		{728C8C4A-497D-48B8-AE2A-597B881AF97B}.Debug|x86.ActiveCfg = Debug|Any CPU
		{728C8C4A-497D-48B8-AE2A-597B881AF97B}.Debug|x86.Build.0 = Debug|Any CPU
		{728C8C4A-497D-48B8-AE2A-597B881AF97B}.Release|Any CPU.ActiveCfg = Release|Any CPU
		{728C8C4A-497D-48B8-AE2A-597B881AF97B}.Release|Any CPU.Build.0 = Release|Any CPU
		{728C8C4A-497D-48B8-AE2A-597B881AF97B}.Release|x64.ActiveCfg = Release|Any CPU
		{728C8C4A-497D-48B8-AE2A-597B881AF97B}.Release|x64.Build.0 = Release|Any CPU
		{728C8C4A-497D-48B8-AE2A-597B881AF97B}.Release|x86.ActiveCfg = Release|Any CPU
		{728C8C4A-497D-48B8-AE2A-597B881AF97B}.Release|x86.Build.0 = Release|Any CPU
	EndGlobalSection
	GlobalSection(SolutionProperties) = preSolution
		HideSolutionNode = FALSE
	EndGlobalSection
	GlobalSection(ExtensibilityGlobals) = postSolution
		SolutionGuid = {F0E655DD-B7DA-45C1-A196-F63EBAF14811}
	EndGlobalSection
EndGlobal
